
Microsoft Visual Studio Solution File, Format Version 12.00
# Visual Studio Version 17
VisualStudioVersion = 17.8.34330.188
MinimumVisualStudioVersion = 10.0.40219.1
Project("{2150E333-8FDC-42A3-9474-1A3956D46DE8}") = "src", "src", "{BEE003E9-9F59-4FA8-AE1A-1212DE0DB822}"
EndProject
Project("{2150E333-8FDC-42A3-9474-1A3956D46DE8}") = "test", "test", "{3CDAFEEC-6ABE-4294-8209-CC096266FC17}"
EndProject
Project("{9A19103F-16F7-4668-BE54-9A1E7A4F7556}") = "BudgetPlaner.UI", "src\BudgetPlanerUI\BudgetPlaner.UI.csproj", "{C5C57360-B169-42F2-8C1F-A3E5040644A2}"
EndProject
Project("{9A19103F-16F7-4668-BE54-9A1E7A4F7556}") = "BudgetPlaner.UI.Client", "src\BudgetPlanerUI.Client\BudgetPlaner.UI.Client.csproj", "{C5AA4C92-892E-43CC-9B8B-5332EA87BED6}"
EndProject
Project("{9A19103F-16F7-4668-BE54-9A1E7A4F7556}") = "BudgetPlaner.Api", "src\BudgetPlaner.Api\BudgetPlaner.Api.csproj", "{86818BFD-0B4F-461A-9E45-2D8474F523F9}"
EndProject
Project("{FAE04EC0-301F-11D3-BF4B-00C04F79EFBC}") = "BudgetPlaner.Models", "BudgetPlaner.Models\BudgetPlaner.Models.csproj", "{5C30F522-F159-47E7-9480-DED61665753E}"
EndProject
Global
	GlobalSection(SolutionConfigurationPlatforms) = preSolution
		Debug|Any CPU = Debug|Any CPU
		Release|Any CPU = Release|Any CPU
	EndGlobalSection
	GlobalSection(ProjectConfigurationPlatforms) = postSolution
		{C5C57360-B169-42F2-8C1F-A3E5040644A2}.Debug|Any CPU.ActiveCfg = Debug|Any CPU
		{C5C57360-B169-42F2-8C1F-A3E5040644A2}.Debug|Any CPU.Build.0 = Debug|Any CPU
		{C5C57360-B169-42F2-8C1F-A3E5040644A2}.Release|Any CPU.ActiveCfg = Release|Any CPU
		{C5C57360-B169-42F2-8C1F-A3E5040644A2}.Release|Any CPU.Build.0 = Release|Any CPU
		{C5AA4C92-892E-43CC-9B8B-5332EA87BED6}.Debug|Any CPU.ActiveCfg = Debug|Any CPU
		{C5AA4C92-892E-43CC-9B8B-5332EA87BED6}.Debug|Any CPU.Build.0 = Debug|Any CPU
		{C5AA4C92-892E-43CC-9B8B-5332EA87BED6}.Release|Any CPU.ActiveCfg = Release|Any CPU
		{C5AA4C92-892E-43CC-9B8B-5332EA87BED6}.Release|Any CPU.Build.0 = Release|Any CPU
		{86818BFD-0B4F-461A-9E45-2D8474F523F9}.Debug|Any CPU.ActiveCfg = Debug|Any CPU
		{86818BFD-0B4F-461A-9E45-2D8474F523F9}.Debug|Any CPU.Build.0 = Debug|Any CPU
		{86818BFD-0B4F-461A-9E45-2D8474F523F9}.Release|Any CPU.ActiveCfg = Release|Any CPU
		{86818BFD-0B4F-461A-9E45-2D8474F523F9}.Release|Any CPU.Build.0 = Release|Any CPU
		{5C30F522-F159-47E7-9480-DED61665753E}.Debug|Any CPU.ActiveCfg = Debug|Any CPU
		{5C30F522-F159-47E7-9480-DED61665753E}.Debug|Any CPU.Build.0 = Debug|Any CPU
		{5C30F522-F159-47E7-9480-DED61665753E}.Release|Any CPU.ActiveCfg = Release|Any CPU
		{5C30F522-F159-47E7-9480-DED61665753E}.Release|Any CPU.Build.0 = Release|Any CPU
	EndGlobalSection
	GlobalSection(SolutionProperties) = preSolution
		HideSolutionNode = FALSE
	EndGlobalSection
	GlobalSection(NestedProjects) = preSolution
		{C5C57360-B169-42F2-8C1F-A3E5040644A2} = {BEE003E9-9F59-4FA8-AE1A-1212DE0DB822}
		{C5AA4C92-892E-43CC-9B8B-5332EA87BED6} = {BEE003E9-9F59-4FA8-AE1A-1212DE0DB822}
		{86818BFD-0B4F-461A-9E45-2D8474F523F9} = {BEE003E9-9F59-4FA8-AE1A-1212DE0DB822}
		{5C30F522-F159-47E7-9480-DED61665753E} = {BEE003E9-9F59-4FA8-AE1A-1212DE0DB822}
	EndGlobalSection
	GlobalSection(ExtensibilityGlobals) = postSolution
		SolutionGuid = {BDE7FA7B-0CAC-4676-83EB-1DE7F601C5D7}
	EndGlobalSection
EndGlobal
