
Microsoft Visual Studio Solution File, Format Version 12.00
# Visual Studio Version 17
VisualStudioVersion = 17.8.34330.188
MinimumVisualStudioVersion = 10.0.40219.1
Project("{2150E333-8FDC-42A3-9474-1A3956D46DE8}") = "src", "src", "{BEE003E9-9F59-4FA8-AE1A-1212DE0DB822}"
EndProject
Project("{2150E333-8FDC-42A3-9474-1A3956D46DE8}") = "test", "test", "{3CDAFEEC-6ABE-4294-8209-CC096266FC17}"
EndProject
Project("{9A19103F-16F7-4668-BE54-9A1E7A4F7556}") = "BudgetPlaner.UI", "src\BudgetPlanerUI\BudgetPlaner.UI.csproj", "{C5C57360-B169-42F2-8C1F-A3E5040644A2}"
EndProject
Project("{9A19103F-16F7-4668-BE54-9A1E7A4F7556}") = "BudgetPlaner.Api", "src\BudgetPlaner.Api\BudgetPlaner.Api.csproj", "{86818BFD-0B4F-461A-9E45-2D8474F523F9}"
EndProject
Project("{FAE04EC0-301F-11D3-BF4B-00C04F79EFBC}") = "BudgetPlaner.Domain", "src\BudgetPlaner.Domain\BudgetPlaner.Domain.csproj", "{F989E50E-D0E2-4818-93A2-27CD504AA519}"
EndProject
Project("{FAE04EC0-301F-11D3-BF4B-00C04F79EFBC}") = "BugetPlaner.Domain.Test", "test\BugetPlaner.Domain.Test\BugetPlaner.Domain.Test.csproj", "{1CB81818-ABD1-46FF-8536-5AC560E3BF7A}"
EndProject
Project("{2150E333-8FDC-42A3-9474-1A3956D46DE8}") = "Presentation", "Presentation", "{5BEF444A-47EE-4340-9A93-E3A4AD11D850}"
EndProject
Project("{2150E333-8FDC-42A3-9474-1A3956D46DE8}") = "Application", "Application", "{ADD11204-0630-4F1E-926B-C80A1E4EEADF}"
EndProject
Project("{2150E333-8FDC-42A3-9474-1A3956D46DE8}") = "Domain", "Domain", "{FDD68D60-6593-4AC1-945E-02428E1E918A}"
EndProject
Project("{2150E333-8FDC-42A3-9474-1A3956D46DE8}") = "Infrastructure", "Infrastructure", "{A5329F94-2264-4738-AA7E-8BF5F20752F9}"
EndProject
Project("{FAE04EC0-301F-11D3-BF4B-00C04F79EFBC}") = "BudgetPlaner.Application", "src\BudgetPlaner.Application\BudgetPlaner.Application.csproj", "{A7F34959-6809-48DA-BD75-3E43591C47C6}"
EndProject
Project("{FAE04EC0-301F-11D3-BF4B-00C04F79EFBC}") = "BudgetPlaner.Infrastructure", "src\BudgetPlaner.Infrastructure\BudgetPlaner.Infrastructure.csproj", "{BBBD6B43-1F5D-492D-A13E-AE9A7AE7C654}"
EndProject
Project("{FAE04EC0-301F-11D3-BF4B-00C04F79EFBC}") = "BudgetPlaner.Contracts", "src\BudgetPlaner.Contracts\BudgetPlaner.Contracts.csproj", "{E9BA02F2-7E4C-402F-B268-5B45D8DAC321}"
EndProject
Project("{FAE04EC0-301F-11D3-BF4B-00C04F79EFBC}") = "BudgetPlaner.Sdk", "src\BudgetPlaner.Sdk\BudgetPlaner.Sdk.csproj", "{FC64D584-B82E-45A9-B88F-9E0AA7EB4011}"
EndProject
Global
	GlobalSection(SolutionConfigurationPlatforms) = preSolution
		Debug|Any CPU = Debug|Any CPU
		Release|Any CPU = Release|Any CPU
	EndGlobalSection
	GlobalSection(ProjectConfigurationPlatforms) = postSolution
		{C5C57360-B169-42F2-8C1F-A3E5040644A2}.Debug|Any CPU.ActiveCfg = Debug|Any CPU
		{C5C57360-B169-42F2-8C1F-A3E5040644A2}.Debug|Any CPU.Build.0 = Debug|Any CPU
		{C5C57360-B169-42F2-8C1F-A3E5040644A2}.Release|Any CPU.ActiveCfg = Release|Any CPU
		{C5C57360-B169-42F2-8C1F-A3E5040644A2}.Release|Any CPU.Build.0 = Release|Any CPU
		{86818BFD-0B4F-461A-9E45-2D8474F523F9}.Debug|Any CPU.ActiveCfg = Debug|Any CPU
		{86818BFD-0B4F-461A-9E45-2D8474F523F9}.Debug|Any CPU.Build.0 = Debug|Any CPU
		{86818BFD-0B4F-461A-9E45-2D8474F523F9}.Release|Any CPU.ActiveCfg = Release|Any CPU
		{86818BFD-0B4F-461A-9E45-2D8474F523F9}.Release|Any CPU.Build.0 = Release|Any CPU
		{F989E50E-D0E2-4818-93A2-27CD504AA519}.Debug|Any CPU.ActiveCfg = Debug|Any CPU
		{F989E50E-D0E2-4818-93A2-27CD504AA519}.Debug|Any CPU.Build.0 = Debug|Any CPU
		{F989E50E-D0E2-4818-93A2-27CD504AA519}.Release|Any CPU.ActiveCfg = Release|Any CPU
		{F989E50E-D0E2-4818-93A2-27CD504AA519}.Release|Any CPU.Build.0 = Release|Any CPU
		{1CB81818-ABD1-46FF-8536-5AC560E3BF7A}.Debug|Any CPU.ActiveCfg = Debug|Any CPU
		{1CB81818-ABD1-46FF-8536-5AC560E3BF7A}.Debug|Any CPU.Build.0 = Debug|Any CPU
		{1CB81818-ABD1-46FF-8536-5AC560E3BF7A}.Release|Any CPU.ActiveCfg = Release|Any CPU
		{1CB81818-ABD1-46FF-8536-5AC560E3BF7A}.Release|Any CPU.Build.0 = Release|Any CPU
		{A7F34959-6809-48DA-BD75-3E43591C47C6}.Debug|Any CPU.ActiveCfg = Debug|Any CPU
		{A7F34959-6809-48DA-BD75-3E43591C47C6}.Debug|Any CPU.Build.0 = Debug|Any CPU
		{A7F34959-6809-48DA-BD75-3E43591C47C6}.Release|Any CPU.ActiveCfg = Release|Any CPU
		{A7F34959-6809-48DA-BD75-3E43591C47C6}.Release|Any CPU.Build.0 = Release|Any CPU
		{BBBD6B43-1F5D-492D-A13E-AE9A7AE7C654}.Debug|Any CPU.ActiveCfg = Debug|Any CPU
		{BBBD6B43-1F5D-492D-A13E-AE9A7AE7C654}.Debug|Any CPU.Build.0 = Debug|Any CPU
		{BBBD6B43-1F5D-492D-A13E-AE9A7AE7C654}.Release|Any CPU.ActiveCfg = Release|Any CPU
		{BBBD6B43-1F5D-492D-A13E-AE9A7AE7C654}.Release|Any CPU.Build.0 = Release|Any CPU
		{E9BA02F2-7E4C-402F-B268-5B45D8DAC321}.Debug|Any CPU.ActiveCfg = Debug|Any CPU
		{E9BA02F2-7E4C-402F-B268-5B45D8DAC321}.Debug|Any CPU.Build.0 = Debug|Any CPU
		{E9BA02F2-7E4C-402F-B268-5B45D8DAC321}.Release|Any CPU.ActiveCfg = Release|Any CPU
		{E9BA02F2-7E4C-402F-B268-5B45D8DAC321}.Release|Any CPU.Build.0 = Release|Any CPU
		{FC64D584-B82E-45A9-B88F-9E0AA7EB4011}.Debug|Any CPU.ActiveCfg = Debug|Any CPU
		{FC64D584-B82E-45A9-B88F-9E0AA7EB4011}.Debug|Any CPU.Build.0 = Debug|Any CPU
		{FC64D584-B82E-45A9-B88F-9E0AA7EB4011}.Release|Any CPU.ActiveCfg = Release|Any CPU
		{FC64D584-B82E-45A9-B88F-9E0AA7EB4011}.Release|Any CPU.Build.0 = Release|Any CPU
	EndGlobalSection
	GlobalSection(SolutionProperties) = preSolution
		HideSolutionNode = FALSE
	EndGlobalSection
	GlobalSection(NestedProjects) = preSolution
		{1CB81818-ABD1-46FF-8536-5AC560E3BF7A} = {3CDAFEEC-6ABE-4294-8209-CC096266FC17}
		{5BEF444A-47EE-4340-9A93-E3A4AD11D850} = {BEE003E9-9F59-4FA8-AE1A-1212DE0DB822}
		{86818BFD-0B4F-461A-9E45-2D8474F523F9} = {5BEF444A-47EE-4340-9A93-E3A4AD11D850}
		{C5C57360-B169-42F2-8C1F-A3E5040644A2} = {5BEF444A-47EE-4340-9A93-E3A4AD11D850}
		{ADD11204-0630-4F1E-926B-C80A1E4EEADF} = {BEE003E9-9F59-4FA8-AE1A-1212DE0DB822}
		{FDD68D60-6593-4AC1-945E-02428E1E918A} = {BEE003E9-9F59-4FA8-AE1A-1212DE0DB822}
		{A5329F94-2264-4738-AA7E-8BF5F20752F9} = {BEE003E9-9F59-4FA8-AE1A-1212DE0DB822}
		{F989E50E-D0E2-4818-93A2-27CD504AA519} = {FDD68D60-6593-4AC1-945E-02428E1E918A}
		{A7F34959-6809-48DA-BD75-3E43591C47C6} = {ADD11204-0630-4F1E-926B-C80A1E4EEADF}
		{BBBD6B43-1F5D-492D-A13E-AE9A7AE7C654} = {A5329F94-2264-4738-AA7E-8BF5F20752F9}
		{E9BA02F2-7E4C-402F-B268-5B45D8DAC321} = {5BEF444A-47EE-4340-9A93-E3A4AD11D850}
		{FC64D584-B82E-45A9-B88F-9E0AA7EB4011} = {5BEF444A-47EE-4340-9A93-E3A4AD11D850}
	EndGlobalSection
	GlobalSection(ExtensibilityGlobals) = postSolution
		SolutionGuid = {BDE7FA7B-0CAC-4676-83EB-1DE7F601C5D7}
	EndGlobalSection
EndGlobal
